
Microsoft Visual Studio Solution File, Format Version 12.00
# Visual Studio Version 16
VisualStudioVersion = 16.0.31105.61
MinimumVisualStudioVersion = 10.0.40219.1
Project("{FAE04EC0-301F-11D3-BF4B-00C04F79EFBC}") = "lobby-service", "lobby-service.csproj", "{EE91359D-0F22-4FAD-AAEF-0A2B88947478}"
EndProject
Global
	GlobalSection(SolutionConfigurationPlatforms) = preSolution
		Debug|Any CPU = Debug|Any CPU
		Release|Any CPU = Release|Any CPU
	EndGlobalSection
	GlobalSection(ProjectConfigurationPlatforms) = postSolution
		{EE91359D-0F22-4FAD-AAEF-0A2B88947478}.Debug|Any CPU.ActiveCfg = Debug|Any CPU
		{EE91359D-0F22-4FAD-AAEF-0A2B88947478}.Debug|Any CPU.Build.0 = Debug|Any CPU
		{EE91359D-0F22-4FAD-AAEF-0A2B88947478}.Release|Any CPU.ActiveCfg = Release|Any CPU
		{EE91359D-0F22-4FAD-AAEF-0A2B88947478}.Release|Any CPU.Build.0 = Release|Any CPU
	EndGlobalSection
	GlobalSection(SolutionProperties) = preSolution
		HideSolutionNode = FALSE
	EndGlobalSection
	GlobalSection(ExtensibilityGlobals) = postSolution
		SolutionGuid = {9D47EB60-74E3-4E83-AA40-91FB1250E555}
	EndGlobalSection
EndGlobal
